
Microsoft Visual Studio Solution File, Format Version 12.00
# Visual Studio Version 17
VisualStudioVersion = 17.11.35312.102
MinimumVisualStudioVersion = 10.0.40219.1
Project("{8BC9CEB8-8B4A-11D0-8D11-00A0C91BC942}") = "Курсовая работа (3 семестр)", "Курсовая работа (3 семестр).vcxproj", "{7EE2584E-D096-42E3-AB85-A65F08160612}"
EndProject
Global
	GlobalSection(SolutionConfigurationPlatforms) = preSolution
		Debug|x64 = Debug|x64
		Debug|x86 = Debug|x86
		Release|x64 = Release|x64
		Release|x86 = Release|x86
	EndGlobalSection
	GlobalSection(ProjectConfigurationPlatforms) = postSolution
		{7EE2584E-D096-42E3-AB85-A65F08160612}.Debug|x64.ActiveCfg = Debug|x64
		{7EE2584E-D096-42E3-AB85-A65F08160612}.Debug|x64.Build.0 = Debug|x64
		{7EE2584E-D096-42E3-AB85-A65F08160612}.Debug|x86.ActiveCfg = Debug|Win32
		{7EE2584E-D096-42E3-AB85-A65F08160612}.Debug|x86.Build.0 = Debug|Win32
		{7EE2584E-D096-42E3-AB85-A65F08160612}.Release|x64.ActiveCfg = Release|x64
		{7EE2584E-D096-42E3-AB85-A65F08160612}.Release|x64.Build.0 = Release|x64
		{7EE2584E-D096-42E3-AB85-A65F08160612}.Release|x86.ActiveCfg = Release|Win32
		{7EE2584E-D096-42E3-AB85-A65F08160612}.Release|x86.Build.0 = Release|Win32
	EndGlobalSection
	GlobalSection(SolutionProperties) = preSolution
		HideSolutionNode = FALSE
	EndGlobalSection
	GlobalSection(ExtensibilityGlobals) = postSolution
		SolutionGuid = {626583EA-1F25-4857-A49E-2E134118F414}
	EndGlobalSection
EndGlobal
